
Microsoft Visual Studio Solution File, Format Version 12.00
# Visual Studio 14
VisualStudioVersion = 14.0.23107.0
MinimumVisualStudioVersion = 10.0.40219.1
Project("{FAE04EC0-301F-11D3-BF4B-00C04F79EFBC}") = "Patterns", "Patterns\Patterns.csproj", "{9C249655-CDD8-4D41-B007-61D3716C8B92}"
EndProject
Project("{2150E333-8FDC-42A3-9474-1A3956D46DE8}") = ".nuget", ".nuget", "{ABD55F28-9C51-46DD-B6B0-E9AFF02856B3}"
	ProjectSection(SolutionItems) = preProject
		.nuget\NuGet.Config = .nuget\NuGet.Config
		.nuget\NuGet.exe = .nuget\NuGet.exe
		.nuget\NuGet.targets = .nuget\NuGet.targets
	EndProjectSection
EndProject
Project("{FAE04EC0-301F-11D3-BF4B-00C04F79EFBC}") = "LockFree", "LockFree\LockFree.csproj", "{16DD8009-3064-4676-B990-BD5AAE27A20A}"
EndProject
Project("{FAE04EC0-301F-11D3-BF4B-00C04F79EFBC}") = "ClusterServer", "ClusterServer\ClusterServer.csproj", "{44FB319B-2CEC-42D7-A393-0868F8873F23}"
EndProject
Project("{FAE04EC0-301F-11D3-BF4B-00C04F79EFBC}") = "ClusterClient", "ClusterClient\ClusterClient.csproj", "{2CA4902C-1FDB-48E2-B8BF-7CF33D3D8433}"
EndProject
Project("{FAE04EC0-301F-11D3-BF4B-00C04F79EFBC}") = "NMAP", "NMAP\NMAP.csproj", "{A07B7874-A157-4008-919A-2D12A4C59E77}"
EndProject
Project("{FAE04EC0-301F-11D3-BF4B-00C04F79EFBC}") = "TPLSamples", "TPLSamples\TPLSamples.csproj", "{DB1C12AE-10A6-4F00-8E51-480D3C1F957D}"
EndProject
Project("{FAE04EC0-301F-11D3-BF4B-00C04F79EFBC}") = "AsyncSamples", "AsyncSamples\AsyncSamples.csproj", "{89DC8910-91EB-440B-9F6D-591FFFCE6287}"
EndProject
Project("{FAE04EC0-301F-11D3-BF4B-00C04F79EFBC}") = "QuantumOfSwitching", "QuantumOfSwitching\QuantumOfSwitching.csproj", "{A133E8BB-08A6-4440-818B-DD40862CE4CB}"
EndProject
Global
	GlobalSection(SolutionConfigurationPlatforms) = preSolution
		Debug|Any CPU = Debug|Any CPU
		Release|Any CPU = Release|Any CPU
	EndGlobalSection
	GlobalSection(ProjectConfigurationPlatforms) = postSolution
		{9C249655-CDD8-4D41-B007-61D3716C8B92}.Debug|Any CPU.ActiveCfg = Debug|Any CPU
		{9C249655-CDD8-4D41-B007-61D3716C8B92}.Debug|Any CPU.Build.0 = Debug|Any CPU
		{9C249655-CDD8-4D41-B007-61D3716C8B92}.Release|Any CPU.ActiveCfg = Release|Any CPU
		{9C249655-CDD8-4D41-B007-61D3716C8B92}.Release|Any CPU.Build.0 = Release|Any CPU
		{16DD8009-3064-4676-B990-BD5AAE27A20A}.Debug|Any CPU.ActiveCfg = Debug|Any CPU
		{16DD8009-3064-4676-B990-BD5AAE27A20A}.Debug|Any CPU.Build.0 = Debug|Any CPU
		{16DD8009-3064-4676-B990-BD5AAE27A20A}.Release|Any CPU.ActiveCfg = Release|Any CPU
		{16DD8009-3064-4676-B990-BD5AAE27A20A}.Release|Any CPU.Build.0 = Release|Any CPU
		{44FB319B-2CEC-42D7-A393-0868F8873F23}.Debug|Any CPU.ActiveCfg = Debug|Any CPU
		{44FB319B-2CEC-42D7-A393-0868F8873F23}.Debug|Any CPU.Build.0 = Debug|Any CPU
		{44FB319B-2CEC-42D7-A393-0868F8873F23}.Release|Any CPU.ActiveCfg = Release|Any CPU
		{44FB319B-2CEC-42D7-A393-0868F8873F23}.Release|Any CPU.Build.0 = Release|Any CPU
		{2CA4902C-1FDB-48E2-B8BF-7CF33D3D8433}.Debug|Any CPU.ActiveCfg = Debug|Any CPU
		{2CA4902C-1FDB-48E2-B8BF-7CF33D3D8433}.Debug|Any CPU.Build.0 = Debug|Any CPU
		{2CA4902C-1FDB-48E2-B8BF-7CF33D3D8433}.Release|Any CPU.ActiveCfg = Release|Any CPU
		{2CA4902C-1FDB-48E2-B8BF-7CF33D3D8433}.Release|Any CPU.Build.0 = Release|Any CPU
		{A07B7874-A157-4008-919A-2D12A4C59E77}.Debug|Any CPU.ActiveCfg = Debug|Any CPU
		{A07B7874-A157-4008-919A-2D12A4C59E77}.Debug|Any CPU.Build.0 = Debug|Any CPU
		{A07B7874-A157-4008-919A-2D12A4C59E77}.Release|Any CPU.ActiveCfg = Release|Any CPU
		{A07B7874-A157-4008-919A-2D12A4C59E77}.Release|Any CPU.Build.0 = Release|Any CPU
		{DB1C12AE-10A6-4F00-8E51-480D3C1F957D}.Debug|Any CPU.ActiveCfg = Debug|Any CPU
		{DB1C12AE-10A6-4F00-8E51-480D3C1F957D}.Debug|Any CPU.Build.0 = Debug|Any CPU
		{DB1C12AE-10A6-4F00-8E51-480D3C1F957D}.Release|Any CPU.ActiveCfg = Release|Any CPU
		{DB1C12AE-10A6-4F00-8E51-480D3C1F957D}.Release|Any CPU.Build.0 = Release|Any CPU
		{89DC8910-91EB-440B-9F6D-591FFFCE6287}.Debug|Any CPU.ActiveCfg = Debug|Any CPU
		{89DC8910-91EB-440B-9F6D-591FFFCE6287}.Debug|Any CPU.Build.0 = Debug|Any CPU
		{89DC8910-91EB-440B-9F6D-591FFFCE6287}.Release|Any CPU.ActiveCfg = Release|Any CPU
		{89DC8910-91EB-440B-9F6D-591FFFCE6287}.Release|Any CPU.Build.0 = Release|Any CPU
		{A133E8BB-08A6-4440-818B-DD40862CE4CB}.Debug|Any CPU.ActiveCfg = Debug|Any CPU
		{A133E8BB-08A6-4440-818B-DD40862CE4CB}.Debug|Any CPU.Build.0 = Debug|Any CPU
		{A133E8BB-08A6-4440-818B-DD40862CE4CB}.Release|Any CPU.ActiveCfg = Release|Any CPU
		{A133E8BB-08A6-4440-818B-DD40862CE4CB}.Release|Any CPU.Build.0 = Release|Any CPU
	EndGlobalSection
	GlobalSection(SolutionProperties) = preSolution
		HideSolutionNode = FALSE
	EndGlobalSection
EndGlobal
